{
  "nodes": {
    "buttercup": {
      "flake": false,
      "locked": {
        "lastModified": 1721261696,
        "narHash": "sha256-7K4QtQnrO6uB7laTpwfNrq/foAnIveGEia/RK8Q28+0=",
        "owner": "jorgenschaefer",
        "repo": "emacs-buttercup",
        "rev": "dfbef2177209e3a045e981b7d2956ec46ce3b25b",
        "type": "github"
      },
      "original": {
        "owner": "jorgenschaefer",
        "repo": "emacs-buttercup",
        "type": "github"
      }
    },
    "dash": {
      "flake": false,
      "locked": {
        "lastModified": 1715347628,
        "narHash": "sha256-at42NCcdF9g7a55asnOCSqsvG+XhWuvVsHFT6kU9f9o=",
        "owner": "magnars",
        "repo": "dash.el",
        "rev": "1de9dcb83eacfb162b6d9a118a4770b1281bcd84",
        "type": "github"
      },
      "original": {
        "owner": "magnars",
        "repo": "dash.el",
        "type": "github"
      }
    },
    "org-ml": {
      "flake": false,
      "locked": {
        "lastModified": 1681086652,
        "narHash": "sha256-BBbwBh+G3hb1HP493Y57K19iNdRAuogeh0XBGZsbQJo=",
        "owner": "ndwarshuis",
        "repo": "org-ml",
        "rev": "f57336a9126a168ad32ccce017c072474555395a",
        "type": "github"
      },
      "original": {
        "owner": "ndwarshuis",
        "repo": "org-ml",
        "type": "github"
      }
    },
    "root": {
      "inputs": {
        "buttercup": "buttercup",
        "dash": "dash",
        "org-ml": "org-ml",
        "s": "s"
      }
    },
    "s": {
      "flake": false,
      "locked": {
        "lastModified": 1681482914,
        "narHash": "sha256-fbF/SyPwEiJICaPBq0xWj2yLWjdNwkaLF2iYvZ2EO1k=",
        "owner": "magnars",
        "repo": "s.el",
        "rev": "dda84d38fffdaf0c9b12837b504b402af910d01d",
        "type": "github"
      },
      "original": {
        "owner": "magnars",
        "repo": "s.el",
        "type": "github"
      }
    }
  },
  "root": "root",
  "version": 7
}
